
Microsoft Visual Studio Solution File, Format Version 12.00
# Visual Studio 14
VisualStudioVersion = 14.0.25123.0
MinimumVisualStudioVersion = 10.0.40219.1
Project("{FAE04EC0-301F-11D3-BF4B-00C04F79EFBC}") = "MyCalls.Api", "MyCalls.Api\MyCalls.Api.csproj", "{162348A0-34A4-4A7F-88C7-8078DDEF5FFE}"
EndProject
Project("{FAE04EC0-301F-11D3-BF4B-00C04F79EFBC}") = "MyCalls.Data", "MyCalls.Data\MyCalls.Data.csproj", "{3C4B3FDC-31EC-41EA-A9F2-59390AECB629}"
EndProject
Global
	GlobalSection(SolutionConfigurationPlatforms) = preSolution
		Debug|Any CPU = Debug|Any CPU
		Release|Any CPU = Release|Any CPU
	EndGlobalSection
	GlobalSection(ProjectConfigurationPlatforms) = postSolution
		{162348A0-34A4-4A7F-88C7-8078DDEF5FFE}.Debug|Any CPU.ActiveCfg = Debug|Any CPU
		{162348A0-34A4-4A7F-88C7-8078DDEF5FFE}.Debug|Any CPU.Build.0 = Debug|Any CPU
		{162348A0-34A4-4A7F-88C7-8078DDEF5FFE}.Release|Any CPU.ActiveCfg = Release|Any CPU
		{162348A0-34A4-4A7F-88C7-8078DDEF5FFE}.Release|Any CPU.Build.0 = Release|Any CPU
		{3C4B3FDC-31EC-41EA-A9F2-59390AECB629}.Debug|Any CPU.ActiveCfg = Debug|Any CPU
		{3C4B3FDC-31EC-41EA-A9F2-59390AECB629}.Debug|Any CPU.Build.0 = Debug|Any CPU
		{3C4B3FDC-31EC-41EA-A9F2-59390AECB629}.Release|Any CPU.ActiveCfg = Release|Any CPU
		{3C4B3FDC-31EC-41EA-A9F2-59390AECB629}.Release|Any CPU.Build.0 = Release|Any CPU
	EndGlobalSection
	GlobalSection(SolutionProperties) = preSolution
		HideSolutionNode = FALSE
	EndGlobalSection
EndGlobal
